
Microsoft Visual Studio Solution File, Format Version 12.00
# Visual Studio 15
Project("{FAE04EC0-301F-11D3-BF4B-00C04F79EFBC}") = "HW1", "HW1\HW1.csproj", "{F18ADFB9-5B83-4617-96FF-53C991AF359F}"
EndProject
Global
	GlobalSection(SolutionConfigurationPlatforms) = preSolution
		Debug|anycpu = Debug|anycpu
		Release|anycpu = Release|anycpu
	EndGlobalSection
	GlobalSection(ProjectConfigurationPlatforms) = postSolution
		{F18ADFB9-5B83-4617-96FF-53C991AF359F}.Debug|anycpu.ActiveCfg = Debug|anycpu
		{F18ADFB9-5B83-4617-96FF-53C991AF359F}.Debug|anycpu.Build.0 = Debug|anycpu
		{F18ADFB9-5B83-4617-96FF-53C991AF359F}.Release|anycpu.ActiveCfg = Release|anycpu
		{F18ADFB9-5B83-4617-96FF-53C991AF359F}.Release|anycpu.Build.0 = Release|anycpu
	EndGlobalSection
EndGlobal
