
Microsoft Visual Studio Solution File, Format Version 12.00
# Visual Studio 15
Project("{FAE04EC0-301F-11D3-BF4B-00C04F79EFBC}") = "HW4", "HW4\HW4.csproj", "{962E11E5-7C20-4C00-9DB1-525F01822C1D}"
EndProject
Global
	GlobalSection(SolutionConfigurationPlatforms) = preSolution
		Debug|anycpu = Debug|anycpu
		Release|anycpu = Release|anycpu
	EndGlobalSection
	GlobalSection(ProjectConfigurationPlatforms) = postSolution
		{962E11E5-7C20-4C00-9DB1-525F01822C1D}.Debug|anycpu.ActiveCfg = Debug|anycpu
		{962E11E5-7C20-4C00-9DB1-525F01822C1D}.Debug|anycpu.Build.0 = Debug|anycpu
		{962E11E5-7C20-4C00-9DB1-525F01822C1D}.Release|anycpu.ActiveCfg = Release|anycpu
		{962E11E5-7C20-4C00-9DB1-525F01822C1D}.Release|anycpu.Build.0 = Release|anycpu
	EndGlobalSection
EndGlobal
