
Microsoft Visual Studio Solution File, Format Version 12.00
# Visual Studio 15
Project("{FAE04EC0-301F-11D3-BF4B-00C04F79EFBC}") = "HW3", "HW3\HW3.csproj", "{35FCA2D3-5FE6-406C-AB44-77A3DCCD90E3}"
EndProject
Global
	GlobalSection(SolutionConfigurationPlatforms) = preSolution
		Debug|anycpu = Debug|anycpu
		Release|anycpu = Release|anycpu
	EndGlobalSection
	GlobalSection(ProjectConfigurationPlatforms) = postSolution
		{35FCA2D3-5FE6-406C-AB44-77A3DCCD90E3}.Debug|anycpu.ActiveCfg = Debug|anycpu
		{35FCA2D3-5FE6-406C-AB44-77A3DCCD90E3}.Debug|anycpu.Build.0 = Debug|anycpu
		{35FCA2D3-5FE6-406C-AB44-77A3DCCD90E3}.Release|anycpu.ActiveCfg = Release|anycpu
		{35FCA2D3-5FE6-406C-AB44-77A3DCCD90E3}.Release|anycpu.Build.0 = Release|anycpu
	EndGlobalSection
EndGlobal
